
Microsoft Visual Studio Solution File, Format Version 12.00
# Visual Studio 15
VisualStudioVersion = 15.0.26403.7
MinimumVisualStudioVersion = 10.0.40219.1
Project("{FAE04EC0-301F-11D3-BF4B-00C04F79EFBC}") = "Workbench.Launcher", "Launcher\Workbench.Launcher.csproj", "{FD57243E-5790-4359-8AD7-975D0D07A46B}"
EndProject
Project("{FAE04EC0-301F-11D3-BF4B-00C04F79EFBC}") = "Workbench.Core", "Core\Workbench.Core.csproj", "{20CE9294-C335-40C8-ADE2-A9DFDBB9EB6D}"
EndProject
Project("{FAE04EC0-301F-11D3-BF4B-00C04F79EFBC}") = "Workbench.Command", "Command\Workbench.Command.csproj", "{0A6921EF-DA6D-46AA-827C-D1C7F56ACB5D}"
EndProject
Project("{FAE04EC0-301F-11D3-BF4B-00C04F79EFBC}") = "Workbench.PowerShell", "PowerShell\Workbench.PowerShell.csproj", "{5FCD66FB-7298-4F07-A9C5-572475CAEC98}"
EndProject
Global
	GlobalSection(SolutionConfigurationPlatforms) = preSolution
		Debug|Any CPU = Debug|Any CPU
		Release|Any CPU = Release|Any CPU
	EndGlobalSection
	GlobalSection(ProjectConfigurationPlatforms) = postSolution
		{FD57243E-5790-4359-8AD7-975D0D07A46B}.Debug|Any CPU.ActiveCfg = Debug|Any CPU
		{FD57243E-5790-4359-8AD7-975D0D07A46B}.Debug|Any CPU.Build.0 = Debug|Any CPU
		{FD57243E-5790-4359-8AD7-975D0D07A46B}.Release|Any CPU.ActiveCfg = Release|Any CPU
		{FD57243E-5790-4359-8AD7-975D0D07A46B}.Release|Any CPU.Build.0 = Release|Any CPU
		{20CE9294-C335-40C8-ADE2-A9DFDBB9EB6D}.Debug|Any CPU.ActiveCfg = Debug|Any CPU
		{20CE9294-C335-40C8-ADE2-A9DFDBB9EB6D}.Debug|Any CPU.Build.0 = Debug|Any CPU
		{20CE9294-C335-40C8-ADE2-A9DFDBB9EB6D}.Release|Any CPU.ActiveCfg = Release|Any CPU
		{20CE9294-C335-40C8-ADE2-A9DFDBB9EB6D}.Release|Any CPU.Build.0 = Release|Any CPU
		{0A6921EF-DA6D-46AA-827C-D1C7F56ACB5D}.Debug|Any CPU.ActiveCfg = Debug|Any CPU
		{0A6921EF-DA6D-46AA-827C-D1C7F56ACB5D}.Debug|Any CPU.Build.0 = Debug|Any CPU
		{0A6921EF-DA6D-46AA-827C-D1C7F56ACB5D}.Debug|Any CPU.Deploy.0 = Debug|Any CPU
		{0A6921EF-DA6D-46AA-827C-D1C7F56ACB5D}.Release|Any CPU.ActiveCfg = Release|Any CPU
		{0A6921EF-DA6D-46AA-827C-D1C7F56ACB5D}.Release|Any CPU.Build.0 = Release|Any CPU
		{5FCD66FB-7298-4F07-A9C5-572475CAEC98}.Debug|Any CPU.ActiveCfg = Debug|Any CPU
		{5FCD66FB-7298-4F07-A9C5-572475CAEC98}.Debug|Any CPU.Build.0 = Debug|Any CPU
		{5FCD66FB-7298-4F07-A9C5-572475CAEC98}.Release|Any CPU.ActiveCfg = Release|Any CPU
		{5FCD66FB-7298-4F07-A9C5-572475CAEC98}.Release|Any CPU.Build.0 = Release|Any CPU
	EndGlobalSection
	GlobalSection(SolutionProperties) = preSolution
		HideSolutionNode = FALSE
	EndGlobalSection
EndGlobal
